
Microsoft Visual Studio Solution File, Format Version 12.00
# Visual Studio 15
VisualStudioVersion = 15.0.27130.2020
MinimumVisualStudioVersion = 10.0.40219.1
Project("{8BC9CEB8-8B4A-11D0-8D11-00A0C91BC942}") = "ChairSavior", "ChairSavior\ChairSavior.vcxproj", "{6C4A7819-EB0B-4CE1-B062-81AAF2F7CA0D}"
EndProject
Global
	GlobalSection(SolutionConfigurationPlatforms) = preSolution
		Debug|x64 = Debug|x64
		Debug|x86 = Debug|x86
		Release|x64 = Release|x64
		Release|x86 = Release|x86
	EndGlobalSection
	GlobalSection(ProjectConfigurationPlatforms) = postSolution
		{6C4A7819-EB0B-4CE1-B062-81AAF2F7CA0D}.Debug|x64.ActiveCfg = Debug|x64
		{6C4A7819-EB0B-4CE1-B062-81AAF2F7CA0D}.Debug|x64.Build.0 = Debug|x64
		{6C4A7819-EB0B-4CE1-B062-81AAF2F7CA0D}.Debug|x86.ActiveCfg = Debug|Win32
		{6C4A7819-EB0B-4CE1-B062-81AAF2F7CA0D}.Debug|x86.Build.0 = Debug|Win32
		{6C4A7819-EB0B-4CE1-B062-81AAF2F7CA0D}.Release|x64.ActiveCfg = Release|x64
		{6C4A7819-EB0B-4CE1-B062-81AAF2F7CA0D}.Release|x64.Build.0 = Release|x64
		{6C4A7819-EB0B-4CE1-B062-81AAF2F7CA0D}.Release|x86.ActiveCfg = Release|Win32
		{6C4A7819-EB0B-4CE1-B062-81AAF2F7CA0D}.Release|x86.Build.0 = Release|Win32
	EndGlobalSection
	GlobalSection(SolutionProperties) = preSolution
		HideSolutionNode = FALSE
	EndGlobalSection
	GlobalSection(ExtensibilityGlobals) = postSolution
		SolutionGuid = {E3DAF394-43D6-46FB-9C96-4A006479CC9A}
	EndGlobalSection
EndGlobal
